// !$*UTF8*$!
{
	archiveVersion = 1;
	classes = {
	};
	objectVersion = 46;
	objects = {

/* Begin PBXBuildFile section */
		365DA96F2250075B0086087A /* AppDelegate.swift in Sources */ = {isa = PBXBuildFile; fileRef = 365DA96E2250075B0086087A /* AppDelegate.swift */; };
		365DA9712250075B0086087A /* ViewController.swift in Sources */ = {isa = PBXBuildFile; fileRef = 365DA9702250075B0086087A /* ViewController.swift */; };
		365DA9742250075B0086087A /* Main.storyboard in Resources */ = {isa = PBXBuildFile; fileRef = 365DA9722250075B0086087A /* Main.storyboard */; };
		365DA9762250075B0086087A /* Assets.xcassets in Resources */ = {isa = PBXBuildFile; fileRef = 365DA9752250075B0086087A /* Assets.xcassets */; };
		365DA9792250075B0086087A /* LaunchScreen.storyboard in Resources */ = {isa = PBXBuildFile; fileRef = 365DA9772250075B0086087A /* LaunchScreen.storyboard */; };
		365DA98622500FD80086087A /* RoundButton.swift in Sources */ = {isa = PBXBuildFile; fileRef = 365DA98522500FD80086087A /* RoundButton.swift */; };
		365DA988225026140086087A /* ShadowImage.swift in Sources */ = {isa = PBXBuildFile; fileRef = 365DA987225026140086087A /* ShadowImage.swift */; };
/* End PBXBuildFile section */

/* Begin PBXFileReference section */
		365DA96B2250075B0086087A /* Park.ly.app */ = {isa = PBXFileReference; explicitFileType = wrapper.application; includeInIndex = 0; path = Park.ly.app; sourceTree = BUILT_PRODUCTS_DIR; };
		365DA96E2250075B0086087A /* AppDelegate.swift */ = {isa = PBXFileReference; lastKnownFileType = sourcecode.swift; path = AppDelegate.swift; sourceTree = "<group>"; };
		365DA9702250075B0086087A /* ViewController.swift */ = {isa = PBXFileReference; lastKnownFileType = sourcecode.swift; path = ViewController.swift; sourceTree = "<group>"; };
		365DA9732250075B0086087A /* Base */ = {isa = PBXFileReference; lastKnownFileType = file.storyboard; name = Base; path = Base.lproj/Main.storyboard; sourceTree = "<group>"; };
		365DA9752250075B0086087A /* Assets.xcassets */ = {isa = PBXFileReference; lastKnownFileType = folder.assetcatalog; path = Assets.xcassets; sourceTree = "<group>"; };
		365DA9782250075B0086087A /* Base */ = {isa = PBXFileReference; lastKnownFileType = file.storyboard; name = Base; path = Base.lproj/LaunchScreen.storyboard; sourceTree = "<group>"; };
		365DA97A2250075B0086087A /* Info.plist */ = {isa = PBXFileReference; lastKnownFileType = text.plist.xml; path = Info.plist; sourceTree = "<group>"; };
		365DA98522500FD80086087A /* RoundButton.swift */ = {isa = PBXFileReference; fileEncoding = 4; lastKnownFileType = sourcecode.swift; path = RoundButton.swift; sourceTree = "<group>"; };
		365DA987225026140086087A /* ShadowImage.swift */ = {isa = PBXFileReference; fileEncoding = 4; lastKnownFileType = sourcecode.swift; path = ShadowImage.swift; sourceTree = "<group>"; };
/* End PBXFileReference section */

/* Begin PBXFrameworksBuildPhase section */
		365DA9682250075B0086087A /* Frameworks */ = {
			isa = PBXFrameworksBuildPhase;
			buildActionMask = 2147483647;
			files = (
			);
			runOnlyForDeploymentPostprocessing = 0;
		};
/* End PBXFrameworksBuildPhase section */

/* Begin PBXGroup section */
		365DA9622250075B0086087A = {
			isa = PBXGroup;
			children = (
				365DA96D2250075B0086087A /* Park.ly */,
				365DA96C2250075B0086087A /* Products */,
			);
			sourceTree = "<group>";
		};
		365DA96C2250075B0086087A /* Products */ = {
			isa = PBXGroup;
			children = (
				365DA96B2250075B0086087A /* Park.ly.app */,
			);
			name = Products;
			sourceTree = "<group>";
		};
		365DA96D2250075B0086087A /* Park.ly */ = {
			isa = PBXGroup;
			children = (
				365DA98222500E900086087A /* Controller */,
				365DA98122500E830086087A /* View */,
				365DA98022500E680086087A /* Model */,
			);
			path = Park.ly;
			sourceTree = "<group>";
		};
		365DA98022500E680086087A /* Model */ = {
			isa = PBXGroup;
			children = (
			);
			name = Model;
			sourceTree = "<group>";
		};
		365DA98122500E830086087A /* View */ = {
			isa = PBXGroup;
			children = (
				365DA98522500FD80086087A /* RoundButton.swift */,
				365DA987225026140086087A /* ShadowImage.swift */,
			);
			name = View;
			sourceTree = "<group>";
		};
		365DA98222500E900086087A /* Controller */ = {
			isa = PBXGroup;
			children = (
				365DA96E2250075B0086087A /* AppDelegate.swift */,
				365DA9702250075B0086087A /* ViewController.swift */,
				365DA9722250075B0086087A /* Main.storyboard */,
				365DA9752250075B0086087A /* Assets.xcassets */,
				365DA9772250075B0086087A /* LaunchScreen.storyboard */,
				365DA97A2250075B0086087A /* Info.plist */,
			);
			name = Controller;
			sourceTree = "<group>";
		};
/* End PBXGroup section */

/* Begin PBXNativeTarget section */
		365DA96A2250075B0086087A /* Park.ly */ = {
			isa = PBXNativeTarget;
			buildConfigurationList = 365DA97D2250075B0086087A /* Build configuration list for PBXNativeTarget "Park.ly" */;
			buildPhases = (
				365DA9672250075B0086087A /* Sources */,
				365DA9682250075B0086087A /* Frameworks */,
				365DA9692250075B0086087A /* Resources */,
			);
			buildRules = (
			);
			dependencies = (
			);
			name = Park.ly;
			productName = Park.ly;
			productReference = 365DA96B2250075B0086087A /* Park.ly.app */;
			productType = "com.apple.product-type.application";
		};
/* End PBXNativeTarget section */

/* Begin PBXProject section */
		365DA9632250075B0086087A /* Project object */ = {
			isa = PBXProject;
			attributes = {
				LastSwiftUpdateCheck = 0830;
				LastUpgradeCheck = 0830;
				ORGANIZATIONNAME = "Julian Mino";
				TargetAttributes = {
					365DA96A2250075B0086087A = {
						CreatedOnToolsVersion = 8.3.3;
						ProvisioningStyle = Automatic;
					};
				};
			};
			buildConfigurationList = 365DA9662250075B0086087A /* Build configuration list for PBXProject "Park.ly" */;
			compatibilityVersion = "Xcode 3.2";
			developmentRegion = English;
			hasScannedForEncodings = 0;
			knownRegions = (
				en,
				Base,
			);
			mainGroup = 365DA9622250075B0086087A;
			productRefGroup = 365DA96C2250075B0086087A /* Products */;
			projectDirPath = "";
			projectRoot = "";
			targets = (
				365DA96A2250075B0086087A /* Park.ly */,
			);
		};
/* End PBXProject section */

/* Begin PBXResourcesBuildPhase section */
		365DA9692250075B0086087A /* Resources */ = {
			isa = PBXResourcesBuildPhase;
			buildActionMask = 2147483647;
			files = (
				365DA9792250075B0086087A /* LaunchScreen.storyboard in Resources */,
				365DA9762250075B0086087A /* Assets.xcassets in Resources */,
				365DA9742250075B0086087A /* Main.storyboard in Resources */,
			);
			runOnlyForDeploymentPostprocessing = 0;
		};
/* End PBXResourcesBuildPhase section */

/* Begin PBXSourcesBuildPhase section */
		365DA9672250075B0086087A /* Sources */ = {
			isa = PBXSourcesBuildPhase;
			buildActionMask = 2147483647;
			files = (
				365DA98622500FD80086087A /* RoundButton.swift in Sources */,
				365DA988225026140086087A /* ShadowImage.swift in Sources */,
				365DA9712250075B0086087A /* ViewController.swift in Sources */,
				365DA96F2250075B0086087A /* AppDelegate.swift in Sources */,
			);
			runOnlyForDeploymentPostprocessing = 0;
		};
/* End PBXSourcesBuildPhase section */

/* Begin PBXVariantGroup section */
		365DA9722250075B0086087A /* Main.storyboard */ = {
			isa = PBXVariantGroup;
			children = (
				365DA9732250075B0086087A /* Base */,
			);
			name = Main.storyboard;
			sourceTree = "<group>";
		};
		365DA9772250075B0086087A /* LaunchScreen.storyboard */ = {
			isa = PBXVariantGroup;
			children = (
				365DA9782250075B0086087A /* Base */,
			);
			name = LaunchScreen.storyboard;
			sourceTree = "<group>";
		};
/* End PBXVariantGroup section */

/* Begin XCBuildConfiguration section */
		365DA97B2250075B0086087A /* Debug */ = {
			isa = XCBuildConfiguration;
			buildSettings = {
				ALWAYS_SEARCH_USER_PATHS = NO;
				CLANG_ANALYZER_NONNULL = YES;
				CLANG_ANALYZER_NUMBER_OBJECT_CONVERSION = YES_AGGRESSIVE;
				CLANG_CXX_LANGUAGE_STANDARD = "gnu++0x";
				CLANG_CXX_LIBRARY = "libc++";
				CLANG_ENABLE_MODULES = YES;
				CLANG_ENABLE_OBJC_ARC = YES;
				CLANG_WARN_BOOL_CONVERSION = YES;
				CLANG_WARN_CONSTANT_CONVERSION = YES;
				CLANG_WARN_DIRECT_OBJC_ISA_USAGE = YES_ERROR;
				CLANG_WARN_DOCUMENTATION_COMMENTS = YES;
				CLANG_WARN_EMPTY_BODY = YES;
				CLANG_WARN_ENUM_CONVERSION = YES;
				CLANG_WARN_INFINITE_RECURSION = YES;
				CLANG_WARN_INT_CONVERSION = YES;
				CLANG_WARN_OBJC_ROOT_CLASS = YES_ERROR;
				CLANG_WARN_SUSPICIOUS_MOVE = YES;
				CLANG_WARN_UNREACHABLE_CODE = YES;
				CLANG_WARN__DUPLICATE_METHOD_MATCH = YES;
				"CODE_SIGN_IDENTITY[sdk=iphoneos*]" = "iPhone Developer";
				COPY_PHASE_STRIP = NO;
				DEBUG_INFORMATION_FORMAT = dwarf;
				ENABLE_STRICT_OBJC_MSGSEND = YES;
				ENABLE_TESTABILITY = YES;
				GCC_C_LANGUAGE_STANDARD = gnu99;
				GCC_DYNAMIC_NO_PIC = NO;
				GCC_NO_COMMON_BLOCKS = YES;
				GCC_OPTIMIZATION_LEVEL = 0;
				GCC_PREPROCESSOR_DEFINITIONS = (
					"DEBUG=1",
					"$(inherited)",
				);
				GCC_WARN_64_TO_32_BIT_CONVERSION = YES;
				GCC_WARN_ABOUT_RETURN_TYPE = YES_ERROR;
				GCC_WARN_UNDECLARED_SELECTOR = YES;
				GCC_WARN_UNINITIALIZED_AUTOS = YES_AGGRESSIVE;
				GCC_WARN_UNUSED_FUNCTION = YES;
				GCC_WARN_UNUSED_VARIABLE = YES;
				IPHONEOS_DEPLOYMENT_TARGET = 10.3;
				MTL_ENABLE_DEBUG_INFO = YES;
				ONLY_ACTIVE_ARCH = YES;
				SDKROOT = iphoneos;
				SWIFT_ACTIVE_COMPILATION_CONDITIONS = DEBUG;
				SWIFT_OPTIMIZATION_LEVEL = "-Onone";
				TARGETED_DEVICE_FAMILY = "1,2";
			};
			name = Debug;
		};
		365DA97C2250075B0086087A /* Release */ = {
			isa = XCBuildConfiguration;
			buildSettings = {
				ALWAYS_SEARCH_USER_PATHS = NO;
				CLANG_ANALYZER_NONNULL = YES;
				CLANG_ANALYZER_NUMBER_OBJECT_CONVERSION = YES_AGGRESSIVE;
				CLANG_CXX_LANGUAGE_STANDARD = "gnu++0x";
				CLANG_CXX_LIBRARY = "libc++";
				CLANG_ENABLE_MODULES = YES;
				CLANG_ENABLE_OBJC_ARC = YES;
				CLANG_WARN_BOOL_CONVERSION = YES;
				CLANG_WARN_CONSTANT_CONVERSION = YES;
				CLANG_WARN_DIRECT_OBJC_ISA_USAGE = YES_ERROR;
				CLANG_WARN_DOCUMENTATION_COMMENTS = YES;
				CLANG_WARN_EMPTY_BODY = YES;
				CLANG_WARN_ENUM_CONVERSION = YES;
				CLANG_WARN_INFINITE_RECURSION = YES;
				CLANG_WARN_INT_CONVERSION = YES;
				CLANG_WARN_OBJC_ROOT_CLASS = YES_ERROR;
				CLANG_WARN_SUSPICIOUS_MOVE = YES;
				CLANG_WARN_UNREACHABLE_CODE = YES;
				CLANG_WARN__DUPLICATE_METHOD_MATCH = YES;
				"CODE_SIGN_IDENTITY[sdk=iphoneos*]" = "iPhone Developer";
				COPY_PHASE_STRIP = NO;
				DEBUG_INFORMATION_FORMAT = "dwarf-with-dsym";
				ENABLE_NS_ASSERTIONS = NO;
				ENABLE_STRICT_OBJC_MSGSEND = YES;
				GCC_C_LANGUAGE_STANDARD = gnu99;
				GCC_NO_COMMON_BLOCKS = YES;
				GCC_WARN_64_TO_32_BIT_CONVERSION = YES;
				GCC_WARN_ABOUT_RETURN_TYPE = YES_ERROR;
				GCC_WARN_UNDECLARED_SELECTOR = YES;
				GCC_WARN_UNINITIALIZED_AUTOS = YES_AGGRESSIVE;
				GCC_WARN_UNUSED_FUNCTION = YES;
				GCC_WARN_UNUSED_VARIABLE = YES;
				IPHONEOS_DEPLOYMENT_TARGET = 10.3;
				MTL_ENABLE_DEBUG_INFO = NO;
				SDKROOT = iphoneos;
				SWIFT_OPTIMIZATION_LEVEL = "-Owholemodule";
				TARGETED_DEVICE_FAMILY = "1,2";
				VALIDATE_PRODUCT = YES;
			};
			name = Release;
		};
		365DA97E2250075B0086087A /* Debug */ = {
			isa = XCBuildConfiguration;
			buildSettings = {
				ASSETCATALOG_COMPILER_APPICON_NAME = AppIcon;
				INFOPLIST_FILE = Park.ly/Info.plist;
				LD_RUNPATH_SEARCH_PATHS = "$(inherited) @executable_path/Frameworks";
				PRODUCT_BUNDLE_IDENTIFIER = "Julian.Park-ly";
				PRODUCT_NAME = "$(TARGET_NAME)";
				SWIFT_VERSION = 3.0;
			};
			name = Debug;
		};
		365DA97F2250075B0086087A /* Release */ = {
			isa = XCBuildConfiguration;
			buildSettings = {
				ASSETCATALOG_COMPILER_APPICON_NAME = AppIcon;
				INFOPLIST_FILE = Park.ly/Info.plist;
				LD_RUNPATH_SEARCH_PATHS = "$(inherited) @executable_path/Frameworks";
				PRODUCT_BUNDLE_IDENTIFIER = "Julian.Park-ly";
				PRODUCT_NAME = "$(TARGET_NAME)";
				SWIFT_VERSION = 3.0;
			};
			name = Release;
		};
/* End XCBuildConfiguration section */

/* Begin XCConfigurationList section */
		365DA9662250075B0086087A /* Build configuration list for PBXProject "Park.ly" */ = {
			isa = XCConfigurationList;
			buildConfigurations = (
				365DA97B2250075B0086087A /* Debug */,
				365DA97C2250075B0086087A /* Release */,
			);
			defaultConfigurationIsVisible = 0;
			defaultConfigurationName = Release;
		};
		365DA97D2250075B0086087A /* Build configuration list for PBXNativeTarget "Park.ly" */ = {
			isa = XCConfigurationList;
			buildConfigurations = (
				365DA97E2250075B0086087A /* Debug */,
				365DA97F2250075B0086087A /* Release */,
			);
			defaultConfigurationIsVisible = 0;
		};
/* End XCConfigurationList section */
	};
	rootObject = 365DA9632250075B0086087A /* Project object */;
}
